// !$*UTF8*$!
{
	archiveVersion = 1;
	classes = {
	};
	objectVersion = 46;
	objects = {

/* Begin PBXBuildFile section */
		BF5033CB1EA1FADB005171DC /* AppDelegate.swift in Sources */ = {isa = PBXBuildFile; fileRef = BF5033CA1EA1FADB005171DC /* AppDelegate.swift */; };
		BF5033CD1EA1FADB005171DC /* ViewController.swift in Sources */ = {isa = PBXBuildFile; fileRef = BF5033CC1EA1FADB005171DC /* ViewController.swift */; };
		BF5033CF1EA1FADB005171DC /* Assets.xcassets in Resources */ = {isa = PBXBuildFile; fileRef = BF5033CE1EA1FADB005171DC /* Assets.xcassets */; };
		BF5033D21EA1FADB005171DC /* Main.storyboard in Resources */ = {isa = PBXBuildFile; fileRef = BF5033D01EA1FADB005171DC /* Main.storyboard */; };
		BF5033DD1EA1FADB005171DC /* Xcode8GitExampleTests.swift in Sources */ = {isa = PBXBuildFile; fileRef = BF5033DC1EA1FADB005171DC /* Xcode8GitExampleTests.swift */; };
		BF5033E81EA1FADB005171DC /* Xcode8GitExampleUITests.swift in Sources */ = {isa = PBXBuildFile; fileRef = BF5033E71EA1FADB005171DC /* Xcode8GitExampleUITests.swift */; };
/* End PBXBuildFile section */

/* Begin PBXContainerItemProxy section */
		BF5033D91EA1FADB005171DC /* PBXContainerItemProxy */ = {
			isa = PBXContainerItemProxy;
			containerPortal = BF5033BF1EA1FADB005171DC /* Project object */;
			proxyType = 1;
			remoteGlobalIDString = BF5033C61EA1FADB005171DC;
			remoteInfo = Xcode8GitExample;
		};
		BF5033E41EA1FADB005171DC /* PBXContainerItemProxy */ = {
			isa = PBXContainerItemProxy;
			containerPortal = BF5033BF1EA1FADB005171DC /* Project object */;
			proxyType = 1;
			remoteGlobalIDString = BF5033C61EA1FADB005171DC;
			remoteInfo = Xcode8GitExample;
		};
/* End PBXContainerItemProxy section */

/* Begin PBXFileReference section */
		BF5033C71EA1FADB005171DC /* Xcode8GitExample.app */ = {isa = PBXFileReference; explicitFileType = wrapper.application; includeInIndex = 0; path = Xcode8GitExample.app; sourceTree = BUILT_PRODUCTS_DIR; };
		BF5033CA1EA1FADB005171DC /* AppDelegate.swift */ = {isa = PBXFileReference; lastKnownFileType = sourcecode.swift; path = AppDelegate.swift; sourceTree = "<group>"; };
		BF5033CC1EA1FADB005171DC /* ViewController.swift */ = {isa = PBXFileReference; lastKnownFileType = sourcecode.swift; path = ViewController.swift; sourceTree = "<group>"; };
		BF5033CE1EA1FADB005171DC /* Assets.xcassets */ = {isa = PBXFileReference; lastKnownFileType = folder.assetcatalog; path = Assets.xcassets; sourceTree = "<group>"; };
		BF5033D11EA1FADB005171DC /* Base */ = {isa = PBXFileReference; lastKnownFileType = file.storyboard; name = Base; path = Base.lproj/Main.storyboard; sourceTree = "<group>"; };
		BF5033D31EA1FADB005171DC /* Info.plist */ = {isa = PBXFileReference; lastKnownFileType = text.plist.xml; path = Info.plist; sourceTree = "<group>"; };
		BF5033D81EA1FADB005171DC /* Xcode8GitExampleTests.xctest */ = {isa = PBXFileReference; explicitFileType = wrapper.cfbundle; includeInIndex = 0; path = Xcode8GitExampleTests.xctest; sourceTree = BUILT_PRODUCTS_DIR; };
		BF5033DC1EA1FADB005171DC /* Xcode8GitExampleTests.swift */ = {isa = PBXFileReference; lastKnownFileType = sourcecode.swift; path = Xcode8GitExampleTests.swift; sourceTree = "<group>"; };
		BF5033DE1EA1FADB005171DC /* Info.plist */ = {isa = PBXFileReference; lastKnownFileType = text.plist.xml; path = Info.plist; sourceTree = "<group>"; };
		BF5033E31EA1FADB005171DC /* Xcode8GitExampleUITests.xctest */ = {isa = PBXFileReference; explicitFileType = wrapper.cfbundle; includeInIndex = 0; path = Xcode8GitExampleUITests.xctest; sourceTree = BUILT_PRODUCTS_DIR; };
		BF5033E71EA1FADB005171DC /* Xcode8GitExampleUITests.swift */ = {isa = PBXFileReference; lastKnownFileType = sourcecode.swift; path = Xcode8GitExampleUITests.swift; sourceTree = "<group>"; };
		BF5033E91EA1FADB005171DC /* Info.plist */ = {isa = PBXFileReference; lastKnownFileType = text.plist.xml; path = Info.plist; sourceTree = "<group>"; };
/* End PBXFileReference section */

/* Begin PBXFrameworksBuildPhase section */
		BF5033C41EA1FADB005171DC /* Frameworks */ = {
			isa = PBXFrameworksBuildPhase;
			buildActionMask = 2147483647;
			files = (
			);
			runOnlyForDeploymentPostprocessing = 0;
		};
		BF5033D51EA1FADB005171DC /* Frameworks */ = {
			isa = PBXFrameworksBuildPhase;
			buildActionMask = 2147483647;
			files = (
			);
			runOnlyForDeploymentPostprocessing = 0;
		};
		BF5033E01EA1FADB005171DC /* Frameworks */ = {
			isa = PBXFrameworksBuildPhase;
			buildActionMask = 2147483647;
			files = (
			);
			runOnlyForDeploymentPostprocessing = 0;
		};
/* End PBXFrameworksBuildPhase section */

/* Begin PBXGroup section */
		BF5033BE1EA1FADB005171DC = {
			isa = PBXGroup;
			children = (
				BF5033C91EA1FADB005171DC /* Xcode8GitExample */,
				BF5033DB1EA1FADB005171DC /* Xcode8GitExampleTests */,
				BF5033E61EA1FADB005171DC /* Xcode8GitExampleUITests */,
				BF5033C81EA1FADB005171DC /* Products */,
			);
			sourceTree = "<group>";
		};
		BF5033C81EA1FADB005171DC /* Products */ = {
			isa = PBXGroup;
			children = (
				BF5033C71EA1FADB005171DC /* Xcode8GitExample.app */,
				BF5033D81EA1FADB005171DC /* Xcode8GitExampleTests.xctest */,
				BF5033E31EA1FADB005171DC /* Xcode8GitExampleUITests.xctest */,
			);
			name = Products;
			sourceTree = "<group>";
		};
		BF5033C91EA1FADB005171DC /* Xcode8GitExample */ = {
			isa = PBXGroup;
			children = (
				BF5033CA1EA1FADB005171DC /* AppDelegate.swift */,
				BF5033CC1EA1FADB005171DC /* ViewController.swift */,
				BF5033CE1EA1FADB005171DC /* Assets.xcassets */,
				BF5033D01EA1FADB005171DC /* Main.storyboard */,
				BF5033D31EA1FADB005171DC /* Info.plist */,
			);
			path = Xcode8GitExample;
			sourceTree = "<group>";
		};
		BF5033DB1EA1FADB005171DC /* Xcode8GitExampleTests */ = {
			isa = PBXGroup;
			children = (
				BF5033DC1EA1FADB005171DC /* Xcode8GitExampleTests.swift */,
				BF5033DE1EA1FADB005171DC /* Info.plist */,
			);
			path = Xcode8GitExampleTests;
			sourceTree = "<group>";
		};
		BF5033E61EA1FADB005171DC /* Xcode8GitExampleUITests */ = {
			isa = PBXGroup;
			children = (
				BF5033E71EA1FADB005171DC /* Xcode8GitExampleUITests.swift */,
				BF5033E91EA1FADB005171DC /* Info.plist */,
			);
			path = Xcode8GitExampleUITests;
			sourceTree = "<group>";
		};
/* End PBXGroup section */

/* Begin PBXNativeTarget section */
		BF5033C61EA1FADB005171DC /* Xcode8GitExample */ = {
			isa = PBXNativeTarget;
			buildConfigurationList = BF5033EC1EA1FADB005171DC /* Build configuration list for PBXNativeTarget "Xcode8GitExample" */;
			buildPhases = (
				BF5033C31EA1FADB005171DC /* Sources */,
				BF5033C41EA1FADB005171DC /* Frameworks */,
				BF5033C51EA1FADB005171DC /* Resources */,
			);
			buildRules = (
			);
			dependencies = (
			);
			name = Xcode8GitExample;
			productName = Xcode8GitExample;
			productReference = BF5033C71EA1FADB005171DC /* Xcode8GitExample.app */;
			productType = "com.apple.product-type.application";
		};
		BF5033D71EA1FADB005171DC /* Xcode8GitExampleTests */ = {
			isa = PBXNativeTarget;
			buildConfigurationList = BF5033EF1EA1FADB005171DC /* Build configuration list for PBXNativeTarget "Xcode8GitExampleTests" */;
			buildPhases = (
				BF5033D41EA1FADB005171DC /* Sources */,
				BF5033D51EA1FADB005171DC /* Frameworks */,
				BF5033D61EA1FADB005171DC /* Resources */,
			);
			buildRules = (
			);
			dependencies = (
				BF5033DA1EA1FADB005171DC /* PBXTargetDependency */,
			);
			name = Xcode8GitExampleTests;
			productName = Xcode8GitExampleTests;
			productReference = BF5033D81EA1FADB005171DC /* Xcode8GitExampleTests.xctest */;
			productType = "com.apple.product-type.bundle.unit-test";
		};
		BF5033E21EA1FADB005171DC /* Xcode8GitExampleUITests */ = {
			isa = PBXNativeTarget;
			buildConfigurationList = BF5033F21EA1FADB005171DC /* Build configuration list for PBXNativeTarget "Xcode8GitExampleUITests" */;
			buildPhases = (
				BF5033DF1EA1FADB005171DC /* Sources */,
				BF5033E01EA1FADB005171DC /* Frameworks */,
				BF5033E11EA1FADB005171DC /* Resources */,
			);
			buildRules = (
			);
			dependencies = (
				BF5033E51EA1FADB005171DC /* PBXTargetDependency */,
			);
			name = Xcode8GitExampleUITests;
			productName = Xcode8GitExampleUITests;
			productReference = BF5033E31EA1FADB005171DC /* Xcode8GitExampleUITests.xctest */;
			productType = "com.apple.product-type.bundle.ui-testing";
		};
/* End PBXNativeTarget section */

/* Begin PBXProject section */
		BF5033BF1EA1FADB005171DC /* Project object */ = {
			isa = PBXProject;
			attributes = {
				LastSwiftUpdateCheck = 0830;
				LastUpgradeCheck = 0830;
				ORGANIZATIONNAME = "Vincent Luo";
				TargetAttributes = {
					BF5033C61EA1FADB005171DC = {
						CreatedOnToolsVersion = 8.3.1;
						ProvisioningStyle = Automatic;
					};
					BF5033D71EA1FADB005171DC = {
						CreatedOnToolsVersion = 8.3.1;
						ProvisioningStyle = Automatic;
						TestTargetID = BF5033C61EA1FADB005171DC;
					};
					BF5033E21EA1FADB005171DC = {
						CreatedOnToolsVersion = 8.3.1;
						ProvisioningStyle = Automatic;
						TestTargetID = BF5033C61EA1FADB005171DC;
					};
				};
			};
			buildConfigurationList = BF5033C21EA1FADB005171DC /* Build configuration list for PBXProject "Xcode8GitExample" */;
			compatibilityVersion = "Xcode 3.2";
			developmentRegion = English;
			hasScannedForEncodings = 0;
			knownRegions = (
				en,
				Base,
			);
			mainGroup = BF5033BE1EA1FADB005171DC;
			productRefGroup = BF5033C81EA1FADB005171DC /* Products */;
			projectDirPath = "";
			projectRoot = "";
			targets = (
				BF5033C61EA1FADB005171DC /* Xcode8GitExample */,
				BF5033D71EA1FADB005171DC /* Xcode8GitExampleTests */,
				BF5033E21EA1FADB005171DC /* Xcode8GitExampleUITests */,
			);
		};
/* End PBXProject section */

/* Begin PBXResourcesBuildPhase section */
		BF5033C51EA1FADB005171DC /* Resources */ = {
			isa = PBXResourcesBuildPhase;
			buildActionMask = 2147483647;
			files = (
				BF5033CF1EA1FADB005171DC /* Assets.xcassets in Resources */,
				BF5033D21EA1FADB005171DC /* Main.storyboard in Resources */,
			);
			runOnlyForDeploymentPostprocessing = 0;
		};
		BF5033D61EA1FADB005171DC /* Resources */ = {
			isa = PBXResourcesBuildPhase;
			buildActionMask = 2147483647;
			files = (
			);
			runOnlyForDeploymentPostprocessing = 0;
		};
		BF5033E11EA1FADB005171DC /* Resources */ = {
			isa = PBXResourcesBuildPhase;
			buildActionMask = 2147483647;
			files = (
			);
			runOnlyForDeploymentPostprocessing = 0;
		};
/* End PBXResourcesBuildPhase section */

/* Begin PBXSourcesBuildPhase section */
		BF5033C31EA1FADB005171DC /* Sources */ = {
			isa = PBXSourcesBuildPhase;
			buildActionMask = 2147483647;
			files = (
				BF5033CD1EA1FADB005171DC /* ViewController.swift in Sources */,
				BF5033CB1EA1FADB005171DC /* AppDelegate.swift in Sources */,
			);
			runOnlyForDeploymentPostprocessing = 0;
		};
		BF5033D41EA1FADB005171DC /* Sources */ = {
			isa = PBXSourcesBuildPhase;
			buildActionMask = 2147483647;
			files = (
				BF5033DD1EA1FADB005171DC /* Xcode8GitExampleTests.swift in Sources */,
			);
			runOnlyForDeploymentPostprocessing = 0;
		};
		BF5033DF1EA1FADB005171DC /* Sources */ = {
			isa = PBXSourcesBuildPhase;
			buildActionMask = 2147483647;
			files = (
				BF5033E81EA1FADB005171DC /* Xcode8GitExampleUITests.swift in Sources */,
			);
			runOnlyForDeploymentPostprocessing = 0;
		};
/* End PBXSourcesBuildPhase section */

/* Begin PBXTargetDependency section */
		BF5033DA1EA1FADB005171DC /* PBXTargetDependency */ = {
			isa = PBXTargetDependency;
			target = BF5033C61EA1FADB005171DC /* Xcode8GitExample */;
			targetProxy = BF5033D91EA1FADB005171DC /* PBXContainerItemProxy */;
		};
		BF5033E51EA1FADB005171DC /* PBXTargetDependency */ = {
			isa = PBXTargetDependency;
			target = BF5033C61EA1FADB005171DC /* Xcode8GitExample */;
			targetProxy = BF5033E41EA1FADB005171DC /* PBXContainerItemProxy */;
		};
/* End PBXTargetDependency section */

/* Begin PBXVariantGroup section */
		BF5033D01EA1FADB005171DC /* Main.storyboard */ = {
			isa = PBXVariantGroup;
			children = (
				BF5033D11EA1FADB005171DC /* Base */,
			);
			name = Main.storyboard;
			sourceTree = "<group>";
		};
/* End PBXVariantGroup section */

/* Begin XCBuildConfiguration section */
		BF5033EA1EA1FADB005171DC /* Debug */ = {
			isa = XCBuildConfiguration;
			buildSettings = {
				ALWAYS_SEARCH_USER_PATHS = NO;
				CLANG_ANALYZER_NONNULL = YES;
				CLANG_ANALYZER_NUMBER_OBJECT_CONVERSION = YES_AGGRESSIVE;
				CLANG_CXX_LANGUAGE_STANDARD = "gnu++0x";
				CLANG_CXX_LIBRARY = "libc++";
				CLANG_ENABLE_MODULES = YES;
				CLANG_ENABLE_OBJC_ARC = YES;
				CLANG_WARN_BOOL_CONVERSION = YES;
				CLANG_WARN_CONSTANT_CONVERSION = YES;
				CLANG_WARN_DIRECT_OBJC_ISA_USAGE = YES_ERROR;
				CLANG_WARN_DOCUMENTATION_COMMENTS = YES;
				CLANG_WARN_EMPTY_BODY = YES;
				CLANG_WARN_ENUM_CONVERSION = YES;
				CLANG_WARN_INFINITE_RECURSION = YES;
				CLANG_WARN_INT_CONVERSION = YES;
				CLANG_WARN_OBJC_ROOT_CLASS = YES_ERROR;
				CLANG_WARN_SUSPICIOUS_MOVE = YES;
				CLANG_WARN_UNREACHABLE_CODE = YES;
				CLANG_WARN__DUPLICATE_METHOD_MATCH = YES;
				CODE_SIGN_IDENTITY = "-";
				COPY_PHASE_STRIP = NO;
				DEBUG_INFORMATION_FORMAT = dwarf;
				ENABLE_STRICT_OBJC_MSGSEND = YES;
				ENABLE_TESTABILITY = YES;
				GCC_C_LANGUAGE_STANDARD = gnu99;
				GCC_DYNAMIC_NO_PIC = NO;
				GCC_NO_COMMON_BLOCKS = YES;
				GCC_OPTIMIZATION_LEVEL = 0;
				GCC_PREPROCESSOR_DEFINITIONS = (
					"DEBUG=1",
					"$(inherited)",
				);
				GCC_WARN_64_TO_32_BIT_CONVERSION = YES;
				GCC_WARN_ABOUT_RETURN_TYPE = YES_ERROR;
				GCC_WARN_UNDECLARED_SELECTOR = YES;
				GCC_WARN_UNINITIALIZED_AUTOS = YES_AGGRESSIVE;
				GCC_WARN_UNUSED_FUNCTION = YES;
				GCC_WARN_UNUSED_VARIABLE = YES;
				MACOSX_DEPLOYMENT_TARGET = 10.12;
				MTL_ENABLE_DEBUG_INFO = YES;
				ONLY_ACTIVE_ARCH = YES;
				SDKROOT = macosx;
				SWIFT_ACTIVE_COMPILATION_CONDITIONS = DEBUG;
				SWIFT_OPTIMIZATION_LEVEL = "-Onone";
			};
			name = Debug;
		};
		BF5033EB1EA1FADB005171DC /* Release */ = {
			isa = XCBuildConfiguration;
			buildSettings = {
				ALWAYS_SEARCH_USER_PATHS = NO;
				CLANG_ANALYZER_NONNULL = YES;
				CLANG_ANALYZER_NUMBER_OBJECT_CONVERSION = YES_AGGRESSIVE;
				CLANG_CXX_LANGUAGE_STANDARD = "gnu++0x";
				CLANG_CXX_LIBRARY = "libc++";
				CLANG_ENABLE_MODULES = YES;
				CLANG_ENABLE_OBJC_ARC = YES;
				CLANG_WARN_BOOL_CONVERSION = YES;
				CLANG_WARN_CONSTANT_CONVERSION = YES;
				CLANG_WARN_DIRECT_OBJC_ISA_USAGE = YES_ERROR;
				CLANG_WARN_DOCUMENTATION_COMMENTS = YES;
				CLANG_WARN_EMPTY_BODY = YES;
				CLANG_WARN_ENUM_CONVERSION = YES;
				CLANG_WARN_INFINITE_RECURSION = YES;
				CLANG_WARN_INT_CONVERSION = YES;
				CLANG_WARN_OBJC_ROOT_CLASS = YES_ERROR;
				CLANG_WARN_SUSPICIOUS_MOVE = YES;
				CLANG_WARN_UNREACHABLE_CODE = YES;
				CLANG_WARN__DUPLICATE_METHOD_MATCH = YES;
				CODE_SIGN_IDENTITY = "-";
				COPY_PHASE_STRIP = NO;
				DEBUG_INFORMATION_FORMAT = "dwarf-with-dsym";
				ENABLE_NS_ASSERTIONS = NO;
				ENABLE_STRICT_OBJC_MSGSEND = YES;
				GCC_C_LANGUAGE_STANDARD = gnu99;
				GCC_NO_COMMON_BLOCKS = YES;
				GCC_WARN_64_TO_32_BIT_CONVERSION = YES;
				GCC_WARN_ABOUT_RETURN_TYPE = YES_ERROR;
				GCC_WARN_UNDECLARED_SELECTOR = YES;
				GCC_WARN_UNINITIALIZED_AUTOS = YES_AGGRESSIVE;
				GCC_WARN_UNUSED_FUNCTION = YES;
				GCC_WARN_UNUSED_VARIABLE = YES;
				MACOSX_DEPLOYMENT_TARGET = 10.12;
				MTL_ENABLE_DEBUG_INFO = NO;
				SDKROOT = macosx;
				SWIFT_OPTIMIZATION_LEVEL = "-Owholemodule";
			};
			name = Release;
		};
		BF5033ED1EA1FADB005171DC /* Debug */ = {
			isa = XCBuildConfiguration;
			buildSettings = {
				ASSETCATALOG_COMPILER_APPICON_NAME = AppIcon;
				COMBINE_HIDPI_IMAGES = YES;
				INFOPLIST_FILE = Xcode8GitExample/Info.plist;
				LD_RUNPATH_SEARCH_PATHS = "$(inherited) @executable_path/../Frameworks";
				PRODUCT_BUNDLE_IDENTIFIER = com.vincntluo.Xcode8GitExample;
				PRODUCT_NAME = "$(TARGET_NAME)";
				SWIFT_VERSION = 3.0;
			};
			name = Debug;
		};
		BF5033EE1EA1FADB005171DC /* Release */ = {
			isa = XCBuildConfiguration;
			buildSettings = {
				ASSETCATALOG_COMPILER_APPICON_NAME = AppIcon;
				COMBINE_HIDPI_IMAGES = YES;
				INFOPLIST_FILE = Xcode8GitExample/Info.plist;
				LD_RUNPATH_SEARCH_PATHS = "$(inherited) @executable_path/../Frameworks";
				PRODUCT_BUNDLE_IDENTIFIER = com.vincntluo.Xcode8GitExample;
				PRODUCT_NAME = "$(TARGET_NAME)";
				SWIFT_VERSION = 3.0;
			};
			name = Release;
		};
		BF5033F01EA1FADB005171DC /* Debug */ = {
			isa = XCBuildConfiguration;
			buildSettings = {
				ALWAYS_EMBED_SWIFT_STANDARD_LIBRARIES = YES;
				BUNDLE_LOADER = "$(TEST_HOST)";
				COMBINE_HIDPI_IMAGES = YES;
				INFOPLIST_FILE = Xcode8GitExampleTests/Info.plist;
				LD_RUNPATH_SEARCH_PATHS = "$(inherited) @executable_path/../Frameworks @loader_path/../Frameworks";
				PRODUCT_BUNDLE_IDENTIFIER = com.vincntluo.Xcode8GitExampleTests;
				PRODUCT_NAME = "$(TARGET_NAME)";
				SWIFT_VERSION = 3.0;
				TEST_HOST = "$(BUILT_PRODUCTS_DIR)/Xcode8GitExample.app/Contents/MacOS/Xcode8GitExample";
			};
			name = Debug;
		};
		BF5033F11EA1FADB005171DC /* Release */ = {
			isa = XCBuildConfiguration;
			buildSettings = {
				ALWAYS_EMBED_SWIFT_STANDARD_LIBRARIES = YES;
				BUNDLE_LOADER = "$(TEST_HOST)";
				COMBINE_HIDPI_IMAGES = YES;
				INFOPLIST_FILE = Xcode8GitExampleTests/Info.plist;
				LD_RUNPATH_SEARCH_PATHS = "$(inherited) @executable_path/../Frameworks @loader_path/../Frameworks";
				PRODUCT_BUNDLE_IDENTIFIER = com.vincntluo.Xcode8GitExampleTests;
				PRODUCT_NAME = "$(TARGET_NAME)";
				SWIFT_VERSION = 3.0;
				TEST_HOST = "$(BUILT_PRODUCTS_DIR)/Xcode8GitExample.app/Contents/MacOS/Xcode8GitExample";
			};
			name = Release;
		};
		BF5033F31EA1FADB005171DC /* Debug */ = {
			isa = XCBuildConfiguration;
			buildSettings = {
				ALWAYS_EMBED_SWIFT_STANDARD_LIBRARIES = YES;
				COMBINE_HIDPI_IMAGES = YES;
				INFOPLIST_FILE = Xcode8GitExampleUITests/Info.plist;
				LD_RUNPATH_SEARCH_PATHS = "$(inherited) @executable_path/../Frameworks @loader_path/../Frameworks";
				PRODUCT_BUNDLE_IDENTIFIER = com.vincntluo.Xcode8GitExampleUITests;
				PRODUCT_NAME = "$(TARGET_NAME)";
				SWIFT_VERSION = 3.0;
				TEST_TARGET_NAME = Xcode8GitExample;
			};
			name = Debug;
		};
		BF5033F41EA1FADB005171DC /* Release */ = {
			isa = XCBuildConfiguration;
			buildSettings = {
				ALWAYS_EMBED_SWIFT_STANDARD_LIBRARIES = YES;
				COMBINE_HIDPI_IMAGES = YES;
				INFOPLIST_FILE = Xcode8GitExampleUITests/Info.plist;
				LD_RUNPATH_SEARCH_PATHS = "$(inherited) @executable_path/../Frameworks @loader_path/../Frameworks";
				PRODUCT_BUNDLE_IDENTIFIER = com.vincntluo.Xcode8GitExampleUITests;
				PRODUCT_NAME = "$(TARGET_NAME)";
				SWIFT_VERSION = 3.0;
				TEST_TARGET_NAME = Xcode8GitExample;
			};
			name = Release;
		};
/* End XCBuildConfiguration section */

/* Begin XCConfigurationList section */
		BF5033C21EA1FADB005171DC /* Build configuration list for PBXProject "Xcode8GitExample" */ = {
			isa = XCConfigurationList;
			buildConfigurations = (
				BF5033EA1EA1FADB005171DC /* Debug */,
				BF5033EB1EA1FADB005171DC /* Release */,
			);
			defaultConfigurationIsVisible = 0;
			defaultConfigurationName = Release;
		};
		BF5033EC1EA1FADB005171DC /* Build configuration list for PBXNativeTarget "Xcode8GitExample" */ = {
			isa = XCConfigurationList;
			buildConfigurations = (
				BF5033ED1EA1FADB005171DC /* Debug */,
				BF5033EE1EA1FADB005171DC /* Release */,
			);
			defaultConfigurationIsVisible = 0;
		};
		BF5033EF1EA1FADB005171DC /* Build configuration list for PBXNativeTarget "Xcode8GitExampleTests" */ = {
			isa = XCConfigurationList;
			buildConfigurations = (
				BF5033F01EA1FADB005171DC /* Debug */,
				BF5033F11EA1FADB005171DC /* Release */,
			);
			defaultConfigurationIsVisible = 0;
		};
		BF5033F21EA1FADB005171DC /* Build configuration list for PBXNativeTarget "Xcode8GitExampleUITests" */ = {
			isa = XCConfigurationList;
			buildConfigurations = (
				BF5033F31EA1FADB005171DC /* Debug */,
				BF5033F41EA1FADB005171DC /* Release */,
			);
			defaultConfigurationIsVisible = 0;
		};
/* End XCConfigurationList section */
	};
	rootObject = BF5033BF1EA1FADB005171DC /* Project object */;
}
